
Microsoft Visual Studio Solution File, Format Version 12.00
# Visual Studio Version 17
VisualStudioVersion = 17.8.34525.116
MinimumVisualStudioVersion = 10.0.40219.1
Project("{FAE04EC0-301F-11D3-BF4B-00C04F79EFBC}") = "CChavezDepreciationForm", "CChavezDepreciationForm\CChavezDepreciationForm.csproj", "{EB132043-96D6-44AC-BF5A-2AC997D68102}"
EndProject
Global
	GlobalSection(SolutionConfigurationPlatforms) = preSolution
		Debug|Any CPU = Debug|Any CPU
		Release|Any CPU = Release|Any CPU
	EndGlobalSection
	GlobalSection(ProjectConfigurationPlatforms) = postSolution
		{EB132043-96D6-44AC-BF5A-2AC997D68102}.Debug|Any CPU.ActiveCfg = Debug|Any CPU
		{EB132043-96D6-44AC-BF5A-2AC997D68102}.Debug|Any CPU.Build.0 = Debug|Any CPU
		{EB132043-96D6-44AC-BF5A-2AC997D68102}.Release|Any CPU.ActiveCfg = Release|Any CPU
		{EB132043-96D6-44AC-BF5A-2AC997D68102}.Release|Any CPU.Build.0 = Release|Any CPU
	EndGlobalSection
	GlobalSection(SolutionProperties) = preSolution
		HideSolutionNode = FALSE
	EndGlobalSection
	GlobalSection(ExtensibilityGlobals) = postSolution
		SolutionGuid = {4812D2A6-14C3-4358-9C77-491436DD1702}
	EndGlobalSection
EndGlobal
